github.com/ddkwork/golibrary v0.0.24 h1:MEruQuUT1TNQHCod6y9nsjwtb8EklUYcZgiC8ulQ++o=
github.com/ddkwork/golibrary v0.0.24/go.mod h1:skThKPRTNhPwT+M4xdyuZZy1wVm+l+r3igItGgCq1dc=
github.com/ddkwork/golibrary v0.0.26 h1:cofYk1UXn2+J9ctoYhoXES3NJpT2pPi6CzziCCwErkA=
github.com/ddkwork/golibrary v0.0.26/go.mod h1:Y+B1bNuZZCjObKRMGFvrQgW7cwjXB7a1vPgL0OFpYGw=
