github.com/ddkwork/golibrary v0.0.24 h1:MEruQuUT1TNQHCod6y9nsjwtb8EklUYcZgiC8ulQ++o=
github.com/ddkwork/golibrary v0.0.24/go.mod h1:skThKPRTNhPwT+M4xdyuZZy1wVm+l+r3igItGgCq1dc=
github.com/ddkwork/golibrary v0.0.26 h1:cofYk1UXn2+J9ctoYhoXES3NJpT2pPi6CzziCCwErkA=
github.com/ddkwork/golibrary v0.0.26/go.mod h1:Y+B1bNuZZCjObKRMGFvrQgW7cwjXB7a1vPgL0OFpYGw=
github.com/ddkwork/golibrary v0.0.28 h1:A0+4yGhvU9HhuN8oezRNfPDtytuvFjd9ak7Kuy2vJh4=
github.com/ddkwork/golibrary v0.0.28/go.mod h1:Y+B1bNuZZCjObKRMGFvrQgW7cwjXB7a1vPgL0OFpYGw=
github.com/ddkwork/golibrary v0.0.33 h1:0gI5u+BMCkhE0HPJi+4LfIQgOkqzQlgj2d6DBQ54AF4=
github.com/ddkwork/golibrary v0.0.33/go.mod h1:ZX3tnJ9D5eWJAZYONxEic/fIrISMyIiuOKiT8NidzTM=
